// !$*UTF8*$!
{
	archiveVersion = 1;
	classes = {
	};
	objectVersion = 55;
	objects = {

/* Begin PBXBuildFile section */
		659767CF2883EEE400CD8285 /* doja_cat_100.json in Resources */ = {isa = PBXBuildFile; fileRef = 659767CE2883EEE400CD8285 /* doja_cat_100.json */; };
		659767D42883EFD200CD8285 /* childish_gambino_50.json in Resources */ = {isa = PBXBuildFile; fileRef = 659767D02883EFD200CD8285 /* childish_gambino_50.json */; };
		659767D52883EFD200CD8285 /* amine_100.json in Resources */ = {isa = PBXBuildFile; fileRef = 659767D12883EFD200CD8285 /* amine_100.json */; };
		659767D62883EFD200CD8285 /* bts_100.json in Resources */ = {isa = PBXBuildFile; fileRef = 659767D22883EFD200CD8285 /* bts_100.json */; };
		659767D72883EFD200CD8285 /* joji_100.json in Resources */ = {isa = PBXBuildFile; fileRef = 659767D32883EFD200CD8285 /* joji_100.json */; };
		65D70BCB288088CA0085EAE9 /* AppDelegate.swift in Sources */ = {isa = PBXBuildFile; fileRef = 65D70BCA288088CA0085EAE9 /* AppDelegate.swift */; };
		65D70BCD288088CA0085EAE9 /* SceneDelegate.swift in Sources */ = {isa = PBXBuildFile; fileRef = 65D70BCC288088CA0085EAE9 /* SceneDelegate.swift */; };
		65D70BD4288088CA0085EAE9 /* Assets.xcassets in Resources */ = {isa = PBXBuildFile; fileRef = 65D70BD3288088CA0085EAE9 /* Assets.xcassets */; };
		65D70BD7288088CA0085EAE9 /* LaunchScreen.storyboard in Resources */ = {isa = PBXBuildFile; fileRef = 65D70BD5288088CA0085EAE9 /* LaunchScreen.storyboard */; };
		65D70BEA2880890E0085EAE9 /* TrackCell.swift in Sources */ = {isa = PBXBuildFile; fileRef = 65D70BDF2880890E0085EAE9 /* TrackCell.swift */; };
		65D70BEB2880890E0085EAE9 /* AlbumCell.swift in Sources */ = {isa = PBXBuildFile; fileRef = 65D70BE02880890E0085EAE9 /* AlbumCell.swift */; };
		65D70BEC2880890E0085EAE9 /* TrackDetailViewController.swift in Sources */ = {isa = PBXBuildFile; fileRef = 65D70BE22880890E0085EAE9 /* TrackDetailViewController.swift */; };
		65D70BED2880890E0085EAE9 /* AlbumViewController.swift in Sources */ = {isa = PBXBuildFile; fileRef = 65D70BE32880890E0085EAE9 /* AlbumViewController.swift */; };
		65D70BEE2880890E0085EAE9 /* TrackViewController.swift in Sources */ = {isa = PBXBuildFile; fileRef = 65D70BE42880890E0085EAE9 /* TrackViewController.swift */; };
		65D70BEF2880890E0085EAE9 /* Track.swift in Sources */ = {isa = PBXBuildFile; fileRef = 65D70BE62880890E0085EAE9 /* Track.swift */; };
		65D70BF02880890E0085EAE9 /* Network.swift in Sources */ = {isa = PBXBuildFile; fileRef = 65D70BE72880890E0085EAE9 /* Network.swift */; };
		65D70BF12880890E0085EAE9 /* WebServices.swift in Sources */ = {isa = PBXBuildFile; fileRef = 65D70BE82880890E0085EAE9 /* WebServices.swift */; };
		65D70BF22880890E0085EAE9 /* NetworkError.swift in Sources */ = {isa = PBXBuildFile; fileRef = 65D70BE92880890E0085EAE9 /* NetworkError.swift */; };
		65D70BF5288089260085EAE9 /* jack_johnson_200.json in Resources */ = {isa = PBXBuildFile; fileRef = 65D70BF4288089260085EAE9 /* jack_johnson_200.json */; };
		65D70BF7288089440085EAE9 /* Main.storyboard in Resources */ = {isa = PBXBuildFile; fileRef = 65D70BF6288089440085EAE9 /* Main.storyboard */; };
		65D70BFA28808A1A0085EAE9 /* Nuke in Frameworks */ = {isa = PBXBuildFile; productRef = 65D70BF928808A1A0085EAE9 /* Nuke */; };
		65E878E32887E5D500BFCE54 /* joji_200.json in Resources */ = {isa = PBXBuildFile; fileRef = 65E878E22887E5D500BFCE54 /* joji_200.json */; };
/* End PBXBuildFile section */

/* Begin PBXFileReference section */
		659767CE2883EEE400CD8285 /* doja_cat_100.json */ = {isa = PBXFileReference; fileEncoding = 4; lastKnownFileType = text.json; path = doja_cat_100.json; sourceTree = "<group>"; };
		659767D02883EFD200CD8285 /* childish_gambino_50.json */ = {isa = PBXFileReference; fileEncoding = 4; lastKnownFileType = text.json; path = childish_gambino_50.json; sourceTree = "<group>"; };
		659767D12883EFD200CD8285 /* amine_100.json */ = {isa = PBXFileReference; fileEncoding = 4; lastKnownFileType = text.json; path = amine_100.json; sourceTree = "<group>"; };
		659767D22883EFD200CD8285 /* bts_100.json */ = {isa = PBXFileReference; fileEncoding = 4; lastKnownFileType = text.json; path = bts_100.json; sourceTree = "<group>"; };
		659767D32883EFD200CD8285 /* joji_100.json */ = {isa = PBXFileReference; fileEncoding = 4; lastKnownFileType = text.json; path = joji_100.json; sourceTree = "<group>"; };
		65D70BC7288088CA0085EAE9 /* Tunely.app */ = {isa = PBXFileReference; explicitFileType = wrapper.application; includeInIndex = 0; path = Tunely.app; sourceTree = BUILT_PRODUCTS_DIR; };
		65D70BCA288088CA0085EAE9 /* AppDelegate.swift */ = {isa = PBXFileReference; lastKnownFileType = sourcecode.swift; path = AppDelegate.swift; sourceTree = "<group>"; };
		65D70BCC288088CA0085EAE9 /* SceneDelegate.swift */ = {isa = PBXFileReference; lastKnownFileType = sourcecode.swift; path = SceneDelegate.swift; sourceTree = "<group>"; };
		65D70BD3288088CA0085EAE9 /* Assets.xcassets */ = {isa = PBXFileReference; lastKnownFileType = folder.assetcatalog; path = Assets.xcassets; sourceTree = "<group>"; };
		65D70BD6288088CA0085EAE9 /* Base */ = {isa = PBXFileReference; lastKnownFileType = file.storyboard; name = Base; path = Base.lproj/LaunchScreen.storyboard; sourceTree = "<group>"; };
		65D70BD8288088CA0085EAE9 /* Info.plist */ = {isa = PBXFileReference; lastKnownFileType = text.plist.xml; name = Info.plist; path = ../Info.plist; sourceTree = "<group>"; };
		65D70BDF2880890E0085EAE9 /* TrackCell.swift */ = {isa = PBXFileReference; fileEncoding = 4; lastKnownFileType = sourcecode.swift; path = TrackCell.swift; sourceTree = "<group>"; };
		65D70BE02880890E0085EAE9 /* AlbumCell.swift */ = {isa = PBXFileReference; fileEncoding = 4; lastKnownFileType = sourcecode.swift; path = AlbumCell.swift; sourceTree = "<group>"; };
		65D70BE22880890E0085EAE9 /* TrackDetailViewController.swift */ = {isa = PBXFileReference; fileEncoding = 4; lastKnownFileType = sourcecode.swift; path = TrackDetailViewController.swift; sourceTree = "<group>"; };
		65D70BE32880890E0085EAE9 /* AlbumViewController.swift */ = {isa = PBXFileReference; fileEncoding = 4; lastKnownFileType = sourcecode.swift; path = AlbumViewController.swift; sourceTree = "<group>"; };
		65D70BE42880890E0085EAE9 /* TrackViewController.swift */ = {isa = PBXFileReference; fileEncoding = 4; lastKnownFileType = sourcecode.swift; path = TrackViewController.swift; sourceTree = "<group>"; };
		65D70BE62880890E0085EAE9 /* Track.swift */ = {isa = PBXFileReference; fileEncoding = 4; lastKnownFileType = sourcecode.swift; path = Track.swift; sourceTree = "<group>"; };
		65D70BE72880890E0085EAE9 /* Network.swift */ = {isa = PBXFileReference; fileEncoding = 4; lastKnownFileType = sourcecode.swift; path = Network.swift; sourceTree = "<group>"; };
		65D70BE82880890E0085EAE9 /* WebServices.swift */ = {isa = PBXFileReference; fileEncoding = 4; lastKnownFileType = sourcecode.swift; path = WebServices.swift; sourceTree = "<group>"; };
		65D70BE92880890E0085EAE9 /* NetworkError.swift */ = {isa = PBXFileReference; fileEncoding = 4; lastKnownFileType = sourcecode.swift; path = NetworkError.swift; sourceTree = "<group>"; };
		65D70BF4288089260085EAE9 /* jack_johnson_200.json */ = {isa = PBXFileReference; fileEncoding = 4; lastKnownFileType = text.json; path = jack_johnson_200.json; sourceTree = "<group>"; };
		65D70BF6288089440085EAE9 /* Main.storyboard */ = {isa = PBXFileReference; fileEncoding = 4; lastKnownFileType = file.storyboard; name = Main.storyboard; path = ../Main.storyboard; sourceTree = "<group>"; };
		65E878E22887E5D500BFCE54 /* joji_200.json */ = {isa = PBXFileReference; fileEncoding = 4; lastKnownFileType = text.json; path = joji_200.json; sourceTree = "<group>"; };
/* End PBXFileReference section */

/* Begin PBXFrameworksBuildPhase section */
		65D70BC4288088CA0085EAE9 /* Frameworks */ = {
			isa = PBXFrameworksBuildPhase;
			buildActionMask = 2147483647;
			files = (
				65D70BFA28808A1A0085EAE9 /* Nuke in Frameworks */,
			);
			runOnlyForDeploymentPostprocessing = 0;
		};
/* End PBXFrameworksBuildPhase section */

/* Begin PBXGroup section */
		65D70BBE288088CA0085EAE9 = {
			isa = PBXGroup;
			children = (
				65D70BC9288088CA0085EAE9 /* Tunely */,
				65D70BC8288088CA0085EAE9 /* Products */,
			);
			sourceTree = "<group>";
		};
		65D70BC8288088CA0085EAE9 /* Products */ = {
			isa = PBXGroup;
			children = (
				65D70BC7288088CA0085EAE9 /* Tunely.app */,
			);
			name = Products;
			sourceTree = "<group>";
		};
		65D70BC9288088CA0085EAE9 /* Tunely */ = {
			isa = PBXGroup;
			children = (
				65D70BCA288088CA0085EAE9 /* AppDelegate.swift */,
				65D70BCC288088CA0085EAE9 /* SceneDelegate.swift */,
				65D70BF32880891C0085EAE9 /* Resources */,
				65D70BE52880890E0085EAE9 /* Models */,
				65D70BDE2880890E0085EAE9 /* Views */,
				65D70BE12880890E0085EAE9 /* Controllers */,
			);
			path = Tunely;
			sourceTree = "<group>";
		};
		65D70BDE2880890E0085EAE9 /* Views */ = {
			isa = PBXGroup;
			children = (
				65D70BDF2880890E0085EAE9 /* TrackCell.swift */,
				65D70BE02880890E0085EAE9 /* AlbumCell.swift */,
			);
			path = Views;
			sourceTree = "<group>";
		};
		65D70BE12880890E0085EAE9 /* Controllers */ = {
			isa = PBXGroup;
			children = (
				65D70BE42880890E0085EAE9 /* TrackViewController.swift */,
				65D70BE22880890E0085EAE9 /* TrackDetailViewController.swift */,
				65D70BE32880890E0085EAE9 /* AlbumViewController.swift */,
			);
			path = Controllers;
			sourceTree = "<group>";
		};
		65D70BE52880890E0085EAE9 /* Models */ = {
			isa = PBXGroup;
			children = (
				65D70BE62880890E0085EAE9 /* Track.swift */,
				65D70BE72880890E0085EAE9 /* Network.swift */,
				65D70BE82880890E0085EAE9 /* WebServices.swift */,
				65D70BE92880890E0085EAE9 /* NetworkError.swift */,
			);
			path = Models;
			sourceTree = "<group>";
		};
		65D70BF32880891C0085EAE9 /* Resources */ = {
			isa = PBXGroup;
			children = (
				65E878E1288693EC00BFCE54 /* ITunes API Responses */,
				65D70BF6288089440085EAE9 /* Main.storyboard */,
				65D70BD5288088CA0085EAE9 /* LaunchScreen.storyboard */,
				65D70BD8288088CA0085EAE9 /* Info.plist */,
				65D70BD3288088CA0085EAE9 /* Assets.xcassets */,
			);
			path = Resources;
			sourceTree = "<group>";
		};
		65E878E1288693EC00BFCE54 /* ITunes API Responses */ = {
			isa = PBXGroup;
			children = (
				65D70BF4288089260085EAE9 /* jack_johnson_200.json */,
				659767CE2883EEE400CD8285 /* doja_cat_100.json */,
				659767D12883EFD200CD8285 /* amine_100.json */,
				659767D22883EFD200CD8285 /* bts_100.json */,
				659767D02883EFD200CD8285 /* childish_gambino_50.json */,
				659767D32883EFD200CD8285 /* joji_100.json */,
				65E878E22887E5D500BFCE54 /* joji_200.json */,
			);
			path = "ITunes API Responses";
			sourceTree = "<group>";
		};
/* End PBXGroup section */

/* Begin PBXNativeTarget section */
		65D70BC6288088CA0085EAE9 /* Tunely */ = {
			isa = PBXNativeTarget;
			buildConfigurationList = 65D70BDB288088CA0085EAE9 /* Build configuration list for PBXNativeTarget "Tunely" */;
			buildPhases = (
				65D70BC3288088CA0085EAE9 /* Sources */,
				65D70BC4288088CA0085EAE9 /* Frameworks */,
				65D70BC5288088CA0085EAE9 /* Resources */,
			);
			buildRules = (
			);
			dependencies = (
			);
			name = Tunely;
			packageProductDependencies = (
				65D70BF928808A1A0085EAE9 /* Nuke */,
			);
			productName = Tunely;
			productReference = 65D70BC7288088CA0085EAE9 /* Tunely.app */;
			productType = "com.apple.product-type.application";
		};
/* End PBXNativeTarget section */

/* Begin PBXProject section */
		65D70BBF288088CA0085EAE9 /* Project object */ = {
			isa = PBXProject;
			attributes = {
				BuildIndependentTargetsInParallel = 1;
				LastSwiftUpdateCheck = 1340;
				LastUpgradeCheck = 1340;
				TargetAttributes = {
					65D70BC6288088CA0085EAE9 = {
						CreatedOnToolsVersion = 13.4.1;
					};
				};
			};
			buildConfigurationList = 65D70BC2288088CA0085EAE9 /* Build configuration list for PBXProject "Tunely" */;
			compatibilityVersion = "Xcode 13.0";
			developmentRegion = en;
			hasScannedForEncodings = 0;
			knownRegions = (
				en,
				Base,
			);
			mainGroup = 65D70BBE288088CA0085EAE9;
			packageReferences = (
				65D70BF828808A1A0085EAE9 /* XCRemoteSwiftPackageReference "Nuke" */,
			);
			productRefGroup = 65D70BC8288088CA0085EAE9 /* Products */;
			projectDirPath = "";
			projectRoot = "";
			targets = (
				65D70BC6288088CA0085EAE9 /* Tunely */,
			);
		};
/* End PBXProject section */

/* Begin PBXResourcesBuildPhase section */
		65D70BC5288088CA0085EAE9 /* Resources */ = {
			isa = PBXResourcesBuildPhase;
			buildActionMask = 2147483647;
			files = (
				65D70BD7288088CA0085EAE9 /* LaunchScreen.storyboard in Resources */,
				65D70BF7288089440085EAE9 /* Main.storyboard in Resources */,
				65E878E32887E5D500BFCE54 /* joji_200.json in Resources */,
				659767D72883EFD200CD8285 /* joji_100.json in Resources */,
				65D70BF5288089260085EAE9 /* jack_johnson_200.json in Resources */,
				65D70BD4288088CA0085EAE9 /* Assets.xcassets in Resources */,
				659767D42883EFD200CD8285 /* childish_gambino_50.json in Resources */,
				659767D62883EFD200CD8285 /* bts_100.json in Resources */,
				659767D52883EFD200CD8285 /* amine_100.json in Resources */,
				659767CF2883EEE400CD8285 /* doja_cat_100.json in Resources */,
			);
			runOnlyForDeploymentPostprocessing = 0;
		};
/* End PBXResourcesBuildPhase section */

/* Begin PBXSourcesBuildPhase section */
		65D70BC3288088CA0085EAE9 /* Sources */ = {
			isa = PBXSourcesBuildPhase;
			buildActionMask = 2147483647;
			files = (
				65D70BF02880890E0085EAE9 /* Network.swift in Sources */,
				65D70BEE2880890E0085EAE9 /* TrackViewController.swift in Sources */,
				65D70BF12880890E0085EAE9 /* WebServices.swift in Sources */,
				65D70BCB288088CA0085EAE9 /* AppDelegate.swift in Sources */,
				65D70BEB2880890E0085EAE9 /* AlbumCell.swift in Sources */,
				65D70BCD288088CA0085EAE9 /* SceneDelegate.swift in Sources */,
				65D70BEF2880890E0085EAE9 /* Track.swift in Sources */,
				65D70BEA2880890E0085EAE9 /* TrackCell.swift in Sources */,
				65D70BF22880890E0085EAE9 /* NetworkError.swift in Sources */,
				65D70BEC2880890E0085EAE9 /* TrackDetailViewController.swift in Sources */,
				65D70BED2880890E0085EAE9 /* AlbumViewController.swift in Sources */,
			);
			runOnlyForDeploymentPostprocessing = 0;
		};
/* End PBXSourcesBuildPhase section */

/* Begin PBXVariantGroup section */
		65D70BD5288088CA0085EAE9 /* LaunchScreen.storyboard */ = {
			isa = PBXVariantGroup;
			children = (
				65D70BD6288088CA0085EAE9 /* Base */,
			);
			name = LaunchScreen.storyboard;
			sourceTree = "<group>";
		};
/* End PBXVariantGroup section */

/* Begin XCBuildConfiguration section */
		65D70BD9288088CA0085EAE9 /* Debug */ = {
			isa = XCBuildConfiguration;
			buildSettings = {
				ALWAYS_SEARCH_USER_PATHS = NO;
				CLANG_ANALYZER_NONNULL = YES;
				CLANG_ANALYZER_NUMBER_OBJECT_CONVERSION = YES_AGGRESSIVE;
				CLANG_CXX_LANGUAGE_STANDARD = "gnu++17";
				CLANG_ENABLE_MODULES = YES;
				CLANG_ENABLE_OBJC_ARC = YES;
				CLANG_ENABLE_OBJC_WEAK = YES;
				CLANG_WARN_BLOCK_CAPTURE_AUTORELEASING = YES;
				CLANG_WARN_BOOL_CONVERSION = YES;
				CLANG_WARN_COMMA = YES;
				CLANG_WARN_CONSTANT_CONVERSION = YES;
				CLANG_WARN_DEPRECATED_OBJC_IMPLEMENTATIONS = YES;
				CLANG_WARN_DIRECT_OBJC_ISA_USAGE = YES_ERROR;
				CLANG_WARN_DOCUMENTATION_COMMENTS = YES;
				CLANG_WARN_EMPTY_BODY = YES;
				CLANG_WARN_ENUM_CONVERSION = YES;
				CLANG_WARN_INFINITE_RECURSION = YES;
				CLANG_WARN_INT_CONVERSION = YES;
				CLANG_WARN_NON_LITERAL_NULL_CONVERSION = YES;
				CLANG_WARN_OBJC_IMPLICIT_RETAIN_SELF = YES;
				CLANG_WARN_OBJC_LITERAL_CONVERSION = YES;
				CLANG_WARN_OBJC_ROOT_CLASS = YES_ERROR;
				CLANG_WARN_QUOTED_INCLUDE_IN_FRAMEWORK_HEADER = YES;
				CLANG_WARN_RANGE_LOOP_ANALYSIS = YES;
				CLANG_WARN_STRICT_PROTOTYPES = YES;
				CLANG_WARN_SUSPICIOUS_MOVE = YES;
				CLANG_WARN_UNGUARDED_AVAILABILITY = YES_AGGRESSIVE;
				CLANG_WARN_UNREACHABLE_CODE = YES;
				CLANG_WARN__DUPLICATE_METHOD_MATCH = YES;
				COPY_PHASE_STRIP = NO;
				DEBUG_INFORMATION_FORMAT = dwarf;
				ENABLE_STRICT_OBJC_MSGSEND = YES;
				ENABLE_TESTABILITY = YES;
				GCC_C_LANGUAGE_STANDARD = gnu11;
				GCC_DYNAMIC_NO_PIC = NO;
				GCC_NO_COMMON_BLOCKS = YES;
				GCC_OPTIMIZATION_LEVEL = 0;
				GCC_PREPROCESSOR_DEFINITIONS = (
					"DEBUG=1",
					"$(inherited)",
				);
				GCC_WARN_64_TO_32_BIT_CONVERSION = YES;
				GCC_WARN_ABOUT_RETURN_TYPE = YES_ERROR;
				GCC_WARN_UNDECLARED_SELECTOR = YES;
				GCC_WARN_UNINITIALIZED_AUTOS = YES_AGGRESSIVE;
				GCC_WARN_UNUSED_FUNCTION = YES;
				GCC_WARN_UNUSED_VARIABLE = YES;
				IPHONEOS_DEPLOYMENT_TARGET = 15.5;
				MTL_ENABLE_DEBUG_INFO = INCLUDE_SOURCE;
				MTL_FAST_MATH = YES;
				ONLY_ACTIVE_ARCH = YES;
				SDKROOT = iphoneos;
				SWIFT_ACTIVE_COMPILATION_CONDITIONS = DEBUG;
				SWIFT_OPTIMIZATION_LEVEL = "-Onone";
			};
			name = Debug;
		};
		65D70BDA288088CA0085EAE9 /* Release */ = {
			isa = XCBuildConfiguration;
			buildSettings = {
				ALWAYS_SEARCH_USER_PATHS = NO;
				CLANG_ANALYZER_NONNULL = YES;
				CLANG_ANALYZER_NUMBER_OBJECT_CONVERSION = YES_AGGRESSIVE;
				CLANG_CXX_LANGUAGE_STANDARD = "gnu++17";
				CLANG_ENABLE_MODULES = YES;
				CLANG_ENABLE_OBJC_ARC = YES;
				CLANG_ENABLE_OBJC_WEAK = YES;
				CLANG_WARN_BLOCK_CAPTURE_AUTORELEASING = YES;
				CLANG_WARN_BOOL_CONVERSION = YES;
				CLANG_WARN_COMMA = YES;
				CLANG_WARN_CONSTANT_CONVERSION = YES;
				CLANG_WARN_DEPRECATED_OBJC_IMPLEMENTATIONS = YES;
				CLANG_WARN_DIRECT_OBJC_ISA_USAGE = YES_ERROR;
				CLANG_WARN_DOCUMENTATION_COMMENTS = YES;
				CLANG_WARN_EMPTY_BODY = YES;
				CLANG_WARN_ENUM_CONVERSION = YES;
				CLANG_WARN_INFINITE_RECURSION = YES;
				CLANG_WARN_INT_CONVERSION = YES;
				CLANG_WARN_NON_LITERAL_NULL_CONVERSION = YES;
				CLANG_WARN_OBJC_IMPLICIT_RETAIN_SELF = YES;
				CLANG_WARN_OBJC_LITERAL_CONVERSION = YES;
				CLANG_WARN_OBJC_ROOT_CLASS = YES_ERROR;
				CLANG_WARN_QUOTED_INCLUDE_IN_FRAMEWORK_HEADER = YES;
				CLANG_WARN_RANGE_LOOP_ANALYSIS = YES;
				CLANG_WARN_STRICT_PROTOTYPES = YES;
				CLANG_WARN_SUSPICIOUS_MOVE = YES;
				CLANG_WARN_UNGUARDED_AVAILABILITY = YES_AGGRESSIVE;
				CLANG_WARN_UNREACHABLE_CODE = YES;
				CLANG_WARN__DUPLICATE_METHOD_MATCH = YES;
				COPY_PHASE_STRIP = NO;
				DEBUG_INFORMATION_FORMAT = "dwarf-with-dsym";
				ENABLE_NS_ASSERTIONS = NO;
				ENABLE_STRICT_OBJC_MSGSEND = YES;
				GCC_C_LANGUAGE_STANDARD = gnu11;
				GCC_NO_COMMON_BLOCKS = YES;
				GCC_WARN_64_TO_32_BIT_CONVERSION = YES;
				GCC_WARN_ABOUT_RETURN_TYPE = YES_ERROR;
				GCC_WARN_UNDECLARED_SELECTOR = YES;
				GCC_WARN_UNINITIALIZED_AUTOS = YES_AGGRESSIVE;
				GCC_WARN_UNUSED_FUNCTION = YES;
				GCC_WARN_UNUSED_VARIABLE = YES;
				IPHONEOS_DEPLOYMENT_TARGET = 15.5;
				MTL_ENABLE_DEBUG_INFO = NO;
				MTL_FAST_MATH = YES;
				SDKROOT = iphoneos;
				SWIFT_COMPILATION_MODE = wholemodule;
				SWIFT_OPTIMIZATION_LEVEL = "-O";
				VALIDATE_PRODUCT = YES;
			};
			name = Release;
		};
		65D70BDC288088CA0085EAE9 /* Debug */ = {
			isa = XCBuildConfiguration;
			buildSettings = {
				ASSETCATALOG_COMPILER_APPICON_NAME = AppIcon;
				ASSETCATALOG_COMPILER_GLOBAL_ACCENT_COLOR_NAME = AccentColor;
				CODE_SIGN_STYLE = Automatic;
				CURRENT_PROJECT_VERSION = 1;
				DEVELOPMENT_TEAM = FR69N9AMGU;
				GENERATE_INFOPLIST_FILE = YES;
				INFOPLIST_FILE = Tunely/Resources/Info.plist;
				INFOPLIST_KEY_UIApplicationSupportsIndirectInputEvents = YES;
				INFOPLIST_KEY_UILaunchStoryboardName = LaunchScreen;
				INFOPLIST_KEY_UIMainStoryboardFile = Main;
				INFOPLIST_KEY_UISupportedInterfaceOrientations_iPad = "UIInterfaceOrientationPortrait UIInterfaceOrientationPortraitUpsideDown UIInterfaceOrientationLandscapeLeft UIInterfaceOrientationLandscapeRight";
				INFOPLIST_KEY_UISupportedInterfaceOrientations_iPhone = "UIInterfaceOrientationPortrait UIInterfaceOrientationLandscapeLeft UIInterfaceOrientationLandscapeRight";
				LD_RUNPATH_SEARCH_PATHS = (
					"$(inherited)",
					"@executable_path/Frameworks",
				);
				MARKETING_VERSION = 1.0;
				PRODUCT_BUNDLE_IDENTIFIER = com.DerekChang.Tunely;
				PRODUCT_NAME = "$(TARGET_NAME)";
				SWIFT_EMIT_LOC_STRINGS = YES;
				SWIFT_VERSION = 5.0;
				TARGETED_DEVICE_FAMILY = "1,2";
			};
			name = Debug;
		};
		65D70BDD288088CA0085EAE9 /* Release */ = {
			isa = XCBuildConfiguration;
			buildSettings = {
				ASSETCATALOG_COMPILER_APPICON_NAME = AppIcon;
				ASSETCATALOG_COMPILER_GLOBAL_ACCENT_COLOR_NAME = AccentColor;
				CODE_SIGN_STYLE = Automatic;
				CURRENT_PROJECT_VERSION = 1;
				DEVELOPMENT_TEAM = FR69N9AMGU;
				GENERATE_INFOPLIST_FILE = YES;
				INFOPLIST_FILE = Tunely/Resources/Info.plist;
				INFOPLIST_KEY_UIApplicationSupportsIndirectInputEvents = YES;
				INFOPLIST_KEY_UILaunchStoryboardName = LaunchScreen;
				INFOPLIST_KEY_UIMainStoryboardFile = Main;
				INFOPLIST_KEY_UISupportedInterfaceOrientations_iPad = "UIInterfaceOrientationPortrait UIInterfaceOrientationPortraitUpsideDown UIInterfaceOrientationLandscapeLeft UIInterfaceOrientationLandscapeRight";
				INFOPLIST_KEY_UISupportedInterfaceOrientations_iPhone = "UIInterfaceOrientationPortrait UIInterfaceOrientationLandscapeLeft UIInterfaceOrientationLandscapeRight";
				LD_RUNPATH_SEARCH_PATHS = (
					"$(inherited)",
					"@executable_path/Frameworks",
				);
				MARKETING_VERSION = 1.0;
				PRODUCT_BUNDLE_IDENTIFIER = com.DerekChang.Tunely;
				PRODUCT_NAME = "$(TARGET_NAME)";
				SWIFT_EMIT_LOC_STRINGS = YES;
				SWIFT_VERSION = 5.0;
				TARGETED_DEVICE_FAMILY = "1,2";
			};
			name = Release;
		};
/* End XCBuildConfiguration section */

/* Begin XCConfigurationList section */
		65D70BC2288088CA0085EAE9 /* Build configuration list for PBXProject "Tunely" */ = {
			isa = XCConfigurationList;
			buildConfigurations = (
				65D70BD9288088CA0085EAE9 /* Debug */,
				65D70BDA288088CA0085EAE9 /* Release */,
			);
			defaultConfigurationIsVisible = 0;
			defaultConfigurationName = Release;
		};
		65D70BDB288088CA0085EAE9 /* Build configuration list for PBXNativeTarget "Tunely" */ = {
			isa = XCConfigurationList;
			buildConfigurations = (
				65D70BDC288088CA0085EAE9 /* Debug */,
				65D70BDD288088CA0085EAE9 /* Release */,
			);
			defaultConfigurationIsVisible = 0;
			defaultConfigurationName = Release;
		};
/* End XCConfigurationList section */

/* Begin XCRemoteSwiftPackageReference section */
		65D70BF828808A1A0085EAE9 /* XCRemoteSwiftPackageReference "Nuke" */ = {
			isa = XCRemoteSwiftPackageReference;
			repositoryURL = "https://github.com/kean/Nuke.git";
			requirement = {
				kind = upToNextMajorVersion;
				minimumVersion = 9.0.0;
			};
		};
/* End XCRemoteSwiftPackageReference section */

/* Begin XCSwiftPackageProductDependency section */
		65D70BF928808A1A0085EAE9 /* Nuke */ = {
			isa = XCSwiftPackageProductDependency;
			package = 65D70BF828808A1A0085EAE9 /* XCRemoteSwiftPackageReference "Nuke" */;
			productName = Nuke;
		};
/* End XCSwiftPackageProductDependency section */
	};
	rootObject = 65D70BBF288088CA0085EAE9 /* Project object */;
}
